
Microsoft Visual Studio Solution File, Format Version 12.00
# Visual Studio Version 17
VisualStudioVersion = 17.7.34221.43
MinimumVisualStudioVersion = 10.0.40219.1
Project("{FAE04EC0-301F-11D3-BF4B-00C04F79EFBC}") = "my-books", "my-books\my-books.csproj", "{434BDB6E-5FBB-4C48-B28D-B65AF3699864}"
EndProject
Global
	GlobalSection(SolutionConfigurationPlatforms) = preSolution
		Debug|Any CPU = Debug|Any CPU
		Release|Any CPU = Release|Any CPU
	EndGlobalSection
	GlobalSection(ProjectConfigurationPlatforms) = postSolution
		{434BDB6E-5FBB-4C48-B28D-B65AF3699864}.Debug|Any CPU.ActiveCfg = Debug|Any CPU
		{434BDB6E-5FBB-4C48-B28D-B65AF3699864}.Debug|Any CPU.Build.0 = Debug|Any CPU
		{434BDB6E-5FBB-4C48-B28D-B65AF3699864}.Release|Any CPU.ActiveCfg = Release|Any CPU
		{434BDB6E-5FBB-4C48-B28D-B65AF3699864}.Release|Any CPU.Build.0 = Release|Any CPU
	EndGlobalSection
	GlobalSection(SolutionProperties) = preSolution
		HideSolutionNode = FALSE
	EndGlobalSection
	GlobalSection(ExtensibilityGlobals) = postSolution
		SolutionGuid = {4B043920-2C49-43B8-8B63-54BA7861C63C}
	EndGlobalSection
EndGlobal
